{
  "name": "neru",
  "version": "0.1.0",
  "lockfileVersion": 2,
  "requires": true,
  "packages": {
    "": {
      "name": "neru",
      "version": "0.1.0",
      "license": "MIT",
      "dependencies": {
        "binary-parser": "^2.1.0",
        "colors": "^1.4.0",
        "pcap-parser": "^0.2.1"
      }
    },
    "node_modules/binary-parser": {
      "version": "2.1.0",
      "resolved": "https://registry.npmjs.org/binary-parser/-/binary-parser-2.1.0.tgz",
      "integrity": "sha512-R6WS2W7a7UHAFYLm0vWlk5M2aTayOjiyBZp+bvUZPUteuU5hI9BaREHKAFLgpq/nKheMgSxZOzpe/x3NxddqiQ==",
      "engines": {
        "node": ">=12"
      }
    },
    "node_modules/colors": {
      "version": "1.4.0",
      "resolved": "https://registry.npmjs.org/colors/-/colors-1.4.0.tgz",
      "integrity": "sha512-a+UqTh4kgZg/SlGvfbzDHpgRu7AAQOmmqRHJnxhRZICKFUT91brVhNNt58CMWU9PsBbv3PDCZUHbVxuDiH2mtA==",
      "engines": {
        "node": ">=0.1.90"
      }
    },
    "node_modules/pcap-parser": {
      "version": "0.2.1",
      "resolved": "https://registry.npmjs.org/pcap-parser/-/pcap-parser-0.2.1.tgz",
      "integrity": "sha512-+1t1GiMpEHI+MFub/mpCmfpyU4oVOyn4h71Zp5GqC/2uv0yteM6MghazKBQMkNXgmmsCPT1JUMfqsF03cYjnyw==",
      "engines": {
        "node": ">=0.6.0"
      }
    }
  },
  "dependencies": {
    "binary-parser": {
      "version": "2.1.0",
      "resolved": "https://registry.npmjs.org/binary-parser/-/binary-parser-2.1.0.tgz",
      "integrity": "sha512-R6WS2W7a7UHAFYLm0vWlk5M2aTayOjiyBZp+bvUZPUteuU5hI9BaREHKAFLgpq/nKheMgSxZOzpe/x3NxddqiQ=="
    },
    "colors": {
      "version": "1.4.0",
      "resolved": "https://registry.npmjs.org/colors/-/colors-1.4.0.tgz",
      "integrity": "sha512-a+UqTh4kgZg/SlGvfbzDHpgRu7AAQOmmqRHJnxhRZICKFUT91brVhNNt58CMWU9PsBbv3PDCZUHbVxuDiH2mtA=="
    },
    "pcap-parser": {
      "version": "0.2.1",
      "resolved": "https://registry.npmjs.org/pcap-parser/-/pcap-parser-0.2.1.tgz",
      "integrity": "sha512-+1t1GiMpEHI+MFub/mpCmfpyU4oVOyn4h71Zp5GqC/2uv0yteM6MghazKBQMkNXgmmsCPT1JUMfqsF03cYjnyw=="
    }
  }
}
